{
  "projects": [
    {
      "projectId": "ohDidvG9XsCeFumugENU3J",
      "version": "6.29.0",
      "dependencies": {},
      "lang": "ts",
      "fileLocks": [
        {
          "assetId": "ohDidvG9XsCeFumugENU3J",
          "type": "projectCss",
          "checksum": "ba2a60a163fca4f4d510275088a2be53"
        },
        {
          "assetId": "ohDidvG9XsCeFumugENU3J",
          "checksum": "de0a0e65174a6a185a8f822af51c6bdd",
          "type": "globalContexts"
        }
      ],
      "codegenVersion": "0.0.1"
    },
    {
      "projectId": "seaQhLVS4bbjiGvJJrRwyL",
      "version": "15.0.3",
      "dependencies": {},
      "lang": "ts",
      "fileLocks": [
        {
          "assetId": "seaQhLVS4bbjiGvJJrRwyL",
          "type": "projectCss",
          "checksum": "174eea901e0665102c7080f882556fac"
        }
      ],
      "codegenVersion": "0.0.1"
    },
    {
      "projectId": "qoVKgVQ2sZgJYceYTt4HBN",
      "version": "latest",
      "dependencies": {
        "seaQhLVS4bbjiGvJJrRwyL": "15.0.3",
        "ohDidvG9XsCeFumugENU3J": "6.29.0",
        "gmeH6XgPaBtkt51HunAo4g": "18.12.0"
      },
      "lang": "ts",
      "fileLocks": [
        {
          "type": "globalVariant",
          "assetId": "nObOIahJqV6L",
          "checksum": "88dee4aa0cf621a4d50ee9f36ebba338"
        },
        {
          "assetId": "qoVKgVQ2sZgJYceYTt4HBN",
          "checksum": "b8b29b16f6e4977205243d63df1a1537",
          "type": "globalContexts"
        },
        {
          "type": "renderModule",
          "assetId": "-2WBjOo_hHDe",
          "checksum": "41e2a915945a954046340fc6898c5ab8"
        },
        {
          "type": "cssRules",
          "assetId": "-2WBjOo_hHDe",
          "checksum": "41e2a915945a954046340fc6898c5ab8"
        },
        {
          "type": "renderModule",
          "assetId": "jZblIV8MnftE",
          "checksum": "415014d5c73e1871651c13cc005d63bd"
        },
        {
          "type": "cssRules",
          "assetId": "jZblIV8MnftE",
          "checksum": "415014d5c73e1871651c13cc005d63bd"
        },
        {
          "type": "renderModule",
          "assetId": "7SaKjBtxTH88",
          "checksum": "a1ef798de95638208a42a81ede4e3f2b"
        },
        {
          "type": "cssRules",
          "assetId": "7SaKjBtxTH88",
          "checksum": "a1ef798de95638208a42a81ede4e3f2b"
        },
        {
          "type": "renderModule",
          "assetId": "molQgoumCOqo",
          "checksum": "9321399641e6034b08a9cec80592fe6b"
        },
        {
          "type": "cssRules",
          "assetId": "molQgoumCOqo",
          "checksum": "9321399641e6034b08a9cec80592fe6b"
        },
        {
          "type": "renderModule",
          "assetId": "nedX9tcXfvMr",
          "checksum": "0924b4d5e2c2da2086cf872500b567ef"
        },
        {
          "type": "cssRules",
          "assetId": "nedX9tcXfvMr",
          "checksum": "0924b4d5e2c2da2086cf872500b567ef"
        },
        {
          "type": "renderModule",
          "assetId": "greDHTwDFJk-",
          "checksum": "9c71a1eae471c5624ced3f249bf08ead"
        },
        {
          "type": "cssRules",
          "assetId": "greDHTwDFJk-",
          "checksum": "9c71a1eae471c5624ced3f249bf08ead"
        },
        {
          "type": "renderModule",
          "assetId": "Z4CYO3-ECJxm",
          "checksum": "8ef59902898158288a9ea1fed123be40"
        },
        {
          "type": "cssRules",
          "assetId": "Z4CYO3-ECJxm",
          "checksum": "8ef59902898158288a9ea1fed123be40"
        },
        {
          "type": "renderModule",
          "assetId": "vOCTxqL3X3fh",
          "checksum": "b8b7a0d3a8af9e1cb92e2d17d03152b7"
        },
        {
          "type": "cssRules",
          "assetId": "vOCTxqL3X3fh",
          "checksum": "b8b7a0d3a8af9e1cb92e2d17d03152b7"
        },
        {
          "type": "renderModule",
          "assetId": "hCjwnJbIqQ4X",
          "checksum": "e3a88d5454a56cdceb7874e62812e17d"
        },
        {
          "type": "cssRules",
          "assetId": "hCjwnJbIqQ4X",
          "checksum": "e3a88d5454a56cdceb7874e62812e17d"
        },
        {
          "type": "renderModule",
          "assetId": "ts7fEiC7or6S",
          "checksum": "f1359b3eb7bc3cab2715478e14a7ae23"
        },
        {
          "type": "cssRules",
          "assetId": "ts7fEiC7or6S",
          "checksum": "f1359b3eb7bc3cab2715478e14a7ae23"
        },
        {
          "type": "renderModule",
          "assetId": "B6twnUY9EyCx",
          "checksum": "1de2fbdbd079cd9bd419bde6a70d5e8e"
        },
        {
          "type": "cssRules",
          "assetId": "B6twnUY9EyCx",
          "checksum": "1de2fbdbd079cd9bd419bde6a70d5e8e"
        },
        {
          "type": "renderModule",
          "assetId": "QOj3hcHfIj5i",
          "checksum": "89c76c6b5a8e5686a1c1e29d5a458d15"
        },
        {
          "type": "cssRules",
          "assetId": "QOj3hcHfIj5i",
          "checksum": "89c76c6b5a8e5686a1c1e29d5a458d15"
        },
        {
          "type": "renderModule",
          "assetId": "qZw1WdosKhVJ",
          "checksum": "4b1c41d5b4488046977e8807fbb85dfe"
        },
        {
          "type": "cssRules",
          "assetId": "qZw1WdosKhVJ",
          "checksum": "4b1c41d5b4488046977e8807fbb85dfe"
        },
        {
          "type": "renderModule",
          "assetId": "0uHPrPjRgUEj",
          "checksum": "35280eeb14c629ead5f99c8675eb778a"
        },
        {
          "type": "cssRules",
          "assetId": "0uHPrPjRgUEj",
          "checksum": "35280eeb14c629ead5f99c8675eb778a"
        },
        {
          "type": "renderModule",
          "assetId": "lRRYlml6CT8h",
          "checksum": "5ba311ea85a7200d1e73e7ecd1c74ae7"
        },
        {
          "type": "cssRules",
          "assetId": "lRRYlml6CT8h",
          "checksum": "5ba311ea85a7200d1e73e7ecd1c74ae7"
        },
        {
          "type": "renderModule",
          "assetId": "dp87--8KP5H5",
          "checksum": "8a5faa5b448de2d977019afe86bce47c"
        },
        {
          "type": "cssRules",
          "assetId": "dp87--8KP5H5",
          "checksum": "8a5faa5b448de2d977019afe86bce47c"
        },
        {
          "type": "renderModule",
          "assetId": "dQPhWyVjMvjo",
          "checksum": "88299c4f0886326898048a99794b1cb8"
        },
        {
          "type": "cssRules",
          "assetId": "dQPhWyVjMvjo",
          "checksum": "88299c4f0886326898048a99794b1cb8"
        },
        {
          "type": "renderModule",
          "assetId": "kNl2diIYvNY1",
          "checksum": "346289bf927773abbc4a199df5b96433"
        },
        {
          "type": "cssRules",
          "assetId": "kNl2diIYvNY1",
          "checksum": "346289bf927773abbc4a199df5b96433"
        },
        {
          "type": "renderModule",
          "assetId": "QD08KcQv-elP",
          "checksum": "4cecc524a3b349ee39d2dcdba01947a7"
        },
        {
          "type": "cssRules",
          "assetId": "QD08KcQv-elP",
          "checksum": "4cecc524a3b349ee39d2dcdba01947a7"
        },
        {
          "type": "renderModule",
          "assetId": "FZv9GUv5zRsQ",
          "checksum": "a16534bf9d39e3f88718533c23eb52c3"
        },
        {
          "type": "cssRules",
          "assetId": "FZv9GUv5zRsQ",
          "checksum": "a16534bf9d39e3f88718533c23eb52c3"
        },
        {
          "type": "renderModule",
          "assetId": "HVLz97QCaGW-",
          "checksum": "98d2c69be2b0f756fefcbbad6e0fc2e9"
        },
        {
          "type": "cssRules",
          "assetId": "HVLz97QCaGW-",
          "checksum": "98d2c69be2b0f756fefcbbad6e0fc2e9"
        },
        {
          "type": "renderModule",
          "assetId": "GuI2ZsEqQwE5",
          "checksum": "987097a7d5ac82423dfaf4e22485e53d"
        },
        {
          "type": "cssRules",
          "assetId": "GuI2ZsEqQwE5",
          "checksum": "987097a7d5ac82423dfaf4e22485e53d"
        },
        {
          "type": "icon",
          "assetId": "HkwCPGzbCa2R",
          "checksum": "bbcdbd57f797b37090bb59a5dc103dde"
        },
        {
          "type": "icon",
          "assetId": "HqL5JlAsNvJK",
          "checksum": "e181057f60c84f8879f0d1026d74ee79"
        },
        {
          "type": "icon",
          "assetId": "Hx-zOHKAfwyJ",
          "checksum": "c60de3227be381c975a909a69305b1a7"
        },
        {
          "type": "icon",
          "assetId": "uWa44GgPvRaK",
          "checksum": "778c3a57ae7a91918ed92348448b0e42"
        },
        {
          "type": "icon",
          "assetId": "WMc4QoLvA23F",
          "checksum": "0c5dfce8c2198feabfe0e4b2e8b322ff"
        },
        {
          "type": "icon",
          "assetId": "LFT0YL9BihkR",
          "checksum": "f9cdce929ee151210f60a2b6c6966110"
        },
        {
          "type": "icon",
          "assetId": "3AFULLlQRrSe",
          "checksum": "e18f1f3c8ea6c884f14e66a9f760ff24"
        },
        {
          "type": "icon",
          "assetId": "x_fw4fHWA5bA",
          "checksum": "cf3649f7b13a30a0ac3cb88f8403226d"
        },
        {
          "type": "icon",
          "assetId": "GJFx7tgvK6AT",
          "checksum": "e48dedb863ab6bf05d1a63dc3344b83e"
        },
        {
          "type": "icon",
          "assetId": "ZmDbzfgf8Plm",
          "checksum": "25f2383df29b6e8c04b29fa45ea4d525"
        },
        {
          "type": "icon",
          "assetId": "GDDcel_nKWjg",
          "checksum": "171407fa7ca64ec5590a6e78dac62104"
        },
        {
          "type": "icon",
          "assetId": "Bwdv1RevJh-Z",
          "checksum": "f552734ee9bfd7ea13eb8a1128ee8422"
        },
        {
          "type": "icon",
          "assetId": "KZvr0d77Lnbp",
          "checksum": "dabac90d7281acb0d73af812d9864446"
        },
        {
          "type": "icon",
          "assetId": "zRFb4H-PE7jy",
          "checksum": "5b4b77534f6f46d3971a6a17d640002a"
        },
        {
          "type": "icon",
          "assetId": "Dmu-8hDlCQyc",
          "checksum": "e496cbb4c7e83f9d1b96fe8d67b5a5ac"
        },
        {
          "type": "icon",
          "assetId": "GIf04RzgLcMd",
          "checksum": "ebd06d38d36f8bd836b606bc1b90273d"
        },
        {
          "type": "icon",
          "assetId": "Yoi39Pjht2HV",
          "checksum": "64f01202a2c74c02682930386a0fe7ca"
        },
        {
          "type": "icon",
          "assetId": "DlPgGJp2jtaG",
          "checksum": "efce34b0c4384ed27677250286fb75dc"
        },
        {
          "type": "icon",
          "assetId": "ummb3XXmzwv1",
          "checksum": "4e31a040cad0df63db6e299752049171"
        },
        {
          "type": "icon",
          "assetId": "4gLtjChCxfsa",
          "checksum": "4aa63396feb5cb446c1d32598f2bd556"
        },
        {
          "type": "icon",
          "assetId": "4BKObF4bJAQq",
          "checksum": "aa655b08ceaa26c290763e5c4edd2bdf"
        },
        {
          "type": "icon",
          "assetId": "SKCZk1ec-NIA",
          "checksum": "0ceec4970f6e66dcdc45798d85386a4b"
        },
        {
          "type": "icon",
          "assetId": "BTQ5d-_d3Bcp",
          "checksum": "dbf8c48470a0f6c65f59dba9a10a7a5b"
        },
        {
          "type": "icon",
          "assetId": "sqoetVhl5Zuc",
          "checksum": "625e279d7c26d5f60ef9014d822bff24"
        },
        {
          "type": "icon",
          "assetId": "vfjcPguRaqPS",
          "checksum": "157e4420e376371f7a1cf3b12b95de8e"
        },
        {
          "type": "icon",
          "assetId": "eurAeiOgc9ee",
          "checksum": "8c366a2441b13a970dc65103ff73381f"
        },
        {
          "type": "icon",
          "assetId": "vX4Y4mBEQZgU",
          "checksum": "8c47a31b24d63f0f1ae4fe644c4fef9d"
        },
        {
          "type": "icon",
          "assetId": "LfxddByqVv0F",
          "checksum": "d3e95e21e07936a4550002895e32592c"
        },
        {
          "type": "icon",
          "assetId": "XhyLhfAnBYtM",
          "checksum": "2b49fe6c3685ca0f58f8983773950fd2"
        },
        {
          "type": "icon",
          "assetId": "191HtaIkxTqt",
          "checksum": "ec7653ae5bbbf7d592623dfe553cec55"
        },
        {
          "type": "icon",
          "assetId": "5P4q0Trq81L6",
          "checksum": "aafc87f75c89a4624679d87232c9c135"
        },
        {
          "type": "image",
          "assetId": "uelLUrBhy0mf",
          "checksum": "06474216a7a32721b57501d62a089377"
        },
        {
          "type": "image",
          "assetId": "BxvtH7WSvIyE",
          "checksum": "edfff1157e1d5164ee2efb2a4518d267"
        },
        {
          "type": "image",
          "assetId": "OEI3vAqnImiu",
          "checksum": "de69c16561bad3388d2e400f4733b25a"
        },
        {
          "type": "image",
          "assetId": "YtDZ8gZQvbBd",
          "checksum": "ca067c24c665cff0b7901be9cabd215d"
        },
        {
          "type": "image",
          "assetId": "6r67yAtQj1No",
          "checksum": "15d67b42a4fdf62128c78bd8e5729020"
        },
        {
          "type": "image",
          "assetId": "1QNeJ8u2bEKz",
          "checksum": "2c2e4f3f0c8d802f71f52a22d90e9da3"
        },
        {
          "type": "image",
          "assetId": "V7YqOSUv0lGy",
          "checksum": "a43031afb51cd7e8c2269053bb5dc99e"
        },
        {
          "type": "image",
          "assetId": "_uHSNk81vyDq",
          "checksum": "51870d553d579a4b71be47d9fbd23eb2"
        },
        {
          "type": "image",
          "assetId": "1F5y9Zcl8Mm9",
          "checksum": "b16c69febeb88d9eef7c1b3358dd5bb8"
        },
        {
          "type": "image",
          "assetId": "Xdc62Gu51C03",
          "checksum": "d5b3dc5e0fe9e00a0ec94bc9b4159292"
        },
        {
          "type": "image",
          "assetId": "Z3FR7osN3p9g",
          "checksum": "45d7c2e5c1cf06b72780e4aeb0096113"
        },
        {
          "type": "image",
          "assetId": "t7n7LzJGK0Dy",
          "checksum": "42a3ccef469c1d0d4447045fe86d6051"
        },
        {
          "type": "image",
          "assetId": "Q5GxdCZwdNKH",
          "checksum": "b483e9571245eeefe3bb83fb3b92bb6f"
        },
        {
          "type": "image",
          "assetId": "n4fC8I8Wyvn5",
          "checksum": "eafe344953dcfb8c98009605919b5652"
        },
        {
          "type": "image",
          "assetId": "iSEcMcaqe7_u",
          "checksum": "01c1a9a0070ce9f77b1f814dbdee2862"
        },
        {
          "type": "image",
          "assetId": "c13p9Gw-UccK",
          "checksum": "592e2c72bdd6cccae2ddf47ee390fb21"
        },
        {
          "type": "image",
          "assetId": "5sOFIcjSEOOV",
          "checksum": "05f9b37fa2b4c9f2b2a0d123b1c05599"
        },
        {
          "type": "image",
          "assetId": "cRtgNekWEBjQ",
          "checksum": "c8121bbcfadb91e2be47369f76a718b3"
        },
        {
          "type": "image",
          "assetId": "1KEZxlWU4esB",
          "checksum": "cbd4e8b5c0762f477afa11f92d3accdc"
        },
        {
          "type": "image",
          "assetId": "SgOVbYe4FsYG",
          "checksum": "2fa0ba8b06df034c50b2e95041876596"
        },
        {
          "type": "image",
          "assetId": "B3GQUDHNY3b8",
          "checksum": "af80954836437bff3c545e18e12c6734"
        },
        {
          "type": "image",
          "assetId": "YPqSbALQl9I-",
          "checksum": "7a08e8eaaa8cff57a2be830ec86515e6"
        },
        {
          "type": "image",
          "assetId": "JfChhtb1aZua",
          "checksum": "2eab7f066ef9236f368747d7f3fe9b8b"
        },
        {
          "type": "image",
          "assetId": "aqMraMYfWNOG",
          "checksum": "11ce20b443f6a875114a4422be682b5d"
        },
        {
          "type": "image",
          "assetId": "5B-q-CBh9QRU",
          "checksum": "1dba8f8b931bbb8d12933999cb7bc201"
        },
        {
          "type": "image",
          "assetId": "yNd5FZ_um3ao",
          "checksum": "932b5e6746da3eda56d1f63be0f83400"
        },
        {
          "type": "image",
          "assetId": "D3htlpedqmhy",
          "checksum": "db853ad0e66b80e3953512eaf51827ef"
        },
        {
          "type": "image",
          "assetId": "7pjr4fnU3h9u",
          "checksum": "7619fff3b13542f4fe6d56d0c23d2342"
        },
        {
          "type": "image",
          "assetId": "OLU4MYPysNdM",
          "checksum": "79e21b835e33812006b3c543f01f3772"
        },
        {
          "type": "image",
          "assetId": "LX0ChzVn6Hxg",
          "checksum": "e7bdf775bceb87e9a440c5bd88056f33"
        },
        {
          "type": "image",
          "assetId": "VNetsHY3tQ3h",
          "checksum": "5059f7f348b3fa0cef8a4ac66e02b615"
        },
        {
          "type": "image",
          "assetId": "c1rBMCzL2fiC",
          "checksum": "b09afe84b770d20005ee3893ecb10f2b"
        },
        {
          "type": "image",
          "assetId": "gkLX-8qvm9Ni",
          "checksum": "5056a613f7c57bbac24dd28e900ac060"
        },
        {
          "type": "image",
          "assetId": "jGxDo4y7_Kxd",
          "checksum": "1802d34e67b2bf15e53811baa7659673"
        },
        {
          "type": "image",
          "assetId": "rhJoehJ9W2Is",
          "checksum": "c8f1581c8da104a035a322cb33803cce"
        },
        {
          "type": "image",
          "assetId": "F8CJJWQoztek",
          "checksum": "faca3d5c171332dd1aa719174abd2ba6"
        },
        {
          "type": "image",
          "assetId": "uGnYeX5crcIA",
          "checksum": "ac67ac19382ce700b1bea23141622e3c"
        },
        {
          "type": "image",
          "assetId": "QANH37yeGnTM",
          "checksum": "838f4027e6c2cf03efab906e62ef3297"
        },
        {
          "type": "image",
          "assetId": "V0w6MaEyNkid",
          "checksum": "efc73108d260cb35326881c9120b772d"
        },
        {
          "type": "image",
          "assetId": "RrkSF6DTFlnc",
          "checksum": "afac68fb499470f28eb3bfe9588ce96b"
        },
        {
          "type": "image",
          "assetId": "m2tu2qC41BgE",
          "checksum": "ad25613483c5415abbd1aee67aa70ff8"
        },
        {
          "type": "image",
          "assetId": "XS1YUjOptLEY",
          "checksum": "13a0a50102ef45d27211618741e442cf"
        },
        {
          "type": "image",
          "assetId": "G7epS6QyJ1Q1",
          "checksum": "27483cd9bc07f5b43ed512a8df0f5d2b"
        },
        {
          "type": "image",
          "assetId": "5EtMsZiLEnP4",
          "checksum": "c658f86b0a4fbb11dae2b563348b847d"
        },
        {
          "type": "image",
          "assetId": "P4faPQ23_7k_",
          "checksum": "57bc525b36bcf0fa55e876b93b3817c1"
        },
        {
          "type": "image",
          "assetId": "9qP9CMYycd-r",
          "checksum": "a77c8f3361da40c09bd083b024aaaa2b"
        },
        {
          "type": "image",
          "assetId": "hYsxNugz36zw",
          "checksum": "bfde5a55a6e2b850ba4ddfcab7815c2e"
        },
        {
          "type": "image",
          "assetId": "M3dMiVTBjaxS",
          "checksum": "bc1d8fc287d67d6eeed77ea42f57be37"
        },
        {
          "type": "image",
          "assetId": "SP_abglPTBoh",
          "checksum": "9a5dca3214dbd13d6bd7cd9e8abd7c21"
        },
        {
          "type": "image",
          "assetId": "sHQvBT2w-gc6",
          "checksum": "633ef8450422fe4b63b048615d4df9e6"
        },
        {
          "type": "image",
          "assetId": "PPaCUDvK1G7q",
          "checksum": "8a0012b4e34ec8058bc57dfedae49c72"
        },
        {
          "type": "image",
          "assetId": "JB_nABerHfeo",
          "checksum": "ab2e33d111055f2588d47ea5cf9ed3c1"
        },
        {
          "type": "image",
          "assetId": "3Ksb2vslldhW",
          "checksum": "01c3b2e7d8d4e4ca25adbad21d0ae56b"
        },
        {
          "type": "image",
          "assetId": "5SJavGRb7-fm",
          "checksum": "41ca24dd0924c854a468c0eac2396a79"
        },
        {
          "type": "image",
          "assetId": "uSToGnh_hl8-",
          "checksum": "4b976b11ea9249406b2fc8cb50b8479b"
        },
        {
          "type": "image",
          "assetId": "UIVY9yeJmUt5",
          "checksum": "17269cc449492ad230cc645e97e762fa"
        },
        {
          "type": "globalVariant",
          "assetId": "OOBj51XYroAn",
          "checksum": "542fb3625ddcd8c9acbd9fe9ba62bc09"
        },
        {
          "type": "renderModule",
          "assetId": "9ZNjyo9en2Ok",
          "checksum": "ac3a6018632fbbfe839d70e572e293ed"
        },
        {
          "type": "cssRules",
          "assetId": "9ZNjyo9en2Ok",
          "checksum": "ac3a6018632fbbfe839d70e572e293ed"
        },
        {
          "type": "renderModule",
          "assetId": "XTiIwPi83Jgf",
          "checksum": "6fe3911d13057dda24e6fbb5cb3d6f9b"
        },
        {
          "type": "cssRules",
          "assetId": "XTiIwPi83Jgf",
          "checksum": "6fe3911d13057dda24e6fbb5cb3d6f9b"
        },
        {
          "type": "icon",
          "assetId": "f1SRJDdx9tRr",
          "checksum": "3228cc884010f37d54fa8517e393bcb6"
        },
        {
          "type": "icon",
          "assetId": "UsmBMmyMXHL_",
          "checksum": "f422c3c3aedbcfd86e1067094b7567cf"
        },
        {
          "assetId": "qoVKgVQ2sZgJYceYTt4HBN",
          "type": "projectCss",
          "checksum": "37db0c93e34b6881863e08799a0623a0"
        }
      ],
      "codegenVersion": "0.0.1"
    },
    {
      "projectId": "gmeH6XgPaBtkt51HunAo4g",
      "version": "18.12.0",
      "dependencies": {},
      "lang": "ts",
      "fileLocks": [
        {
          "assetId": "gmeH6XgPaBtkt51HunAo4g",
          "type": "projectCss",
          "checksum": "1c02168c6b23256606111fdfdbb63549"
        }
      ],
      "codegenVersion": "0.0.1"
    }
  ],
  "cliVersion": "0.1.335"
}
